
Microsoft Visual Studio Solution File, Format Version 12.00
# Visual Studio Version 17
VisualStudioVersion = 17.11.35222.181
MinimumVisualStudioVersion = 10.0.40219.1
Project("{FAE04EC0-301F-11D3-BF4B-00C04F79EFBC}") = "tanulokCon", "tanulokCon\tanulokCon.csproj", "{A1E6FF7E-41BF-4765-B999-238BBD4654B7}"
EndProject
Project("{FAE04EC0-301F-11D3-BF4B-00C04F79EFBC}") = "TanulokClassLibrary", "TanulokClassLibrary\TanulokClassLibrary.csproj", "{73AB3587-C157-448F-B4C0-CC049F33A49F}"
EndProject
Global
	GlobalSection(SolutionConfigurationPlatforms) = preSolution
		Debug|Any CPU = Debug|Any CPU
		Release|Any CPU = Release|Any CPU
	EndGlobalSection
	GlobalSection(ProjectConfigurationPlatforms) = postSolution
		{A1E6FF7E-41BF-4765-B999-238BBD4654B7}.Debug|Any CPU.ActiveCfg = Debug|Any CPU
		{A1E6FF7E-41BF-4765-B999-238BBD4654B7}.Debug|Any CPU.Build.0 = Debug|Any CPU
		{A1E6FF7E-41BF-4765-B999-238BBD4654B7}.Release|Any CPU.ActiveCfg = Release|Any CPU
		{A1E6FF7E-41BF-4765-B999-238BBD4654B7}.Release|Any CPU.Build.0 = Release|Any CPU
		{73AB3587-C157-448F-B4C0-CC049F33A49F}.Debug|Any CPU.ActiveCfg = Debug|Any CPU
		{73AB3587-C157-448F-B4C0-CC049F33A49F}.Debug|Any CPU.Build.0 = Debug|Any CPU
		{73AB3587-C157-448F-B4C0-CC049F33A49F}.Release|Any CPU.ActiveCfg = Release|Any CPU
		{73AB3587-C157-448F-B4C0-CC049F33A49F}.Release|Any CPU.Build.0 = Release|Any CPU
	EndGlobalSection
	GlobalSection(SolutionProperties) = preSolution
		HideSolutionNode = FALSE
	EndGlobalSection
	GlobalSection(ExtensibilityGlobals) = postSolution
		SolutionGuid = {404B58E5-FD76-49FE-A7A1-EB72858E1290}
	EndGlobalSection
EndGlobal
