
Microsoft Visual Studio Solution File, Format Version 12.00
# Visual Studio Version 17
VisualStudioVersion = 17.11.35222.181
MinimumVisualStudioVersion = 10.0.40219.1
Project("{FAE04EC0-301F-11D3-BF4B-00C04F79EFBC}") = "SikidomCon2", "SikidomCon2\SikidomCon2.csproj", "{EFAE5165-B14C-4CBD-AACE-8CC3491C81D3}"
EndProject
Project("{FAE04EC0-301F-11D3-BF4B-00C04F79EFBC}") = "SikidomClassLibrary", "SikidomClassLibrary\SikidomClassLibrary.csproj", "{BED3C8AE-77BC-4B4B-A357-D871CDF29CE1}"
EndProject
Global
	GlobalSection(SolutionConfigurationPlatforms) = preSolution
		Debug|Any CPU = Debug|Any CPU
		Release|Any CPU = Release|Any CPU
	EndGlobalSection
	GlobalSection(ProjectConfigurationPlatforms) = postSolution
		{EFAE5165-B14C-4CBD-AACE-8CC3491C81D3}.Debug|Any CPU.ActiveCfg = Debug|Any CPU
		{EFAE5165-B14C-4CBD-AACE-8CC3491C81D3}.Debug|Any CPU.Build.0 = Debug|Any CPU
		{EFAE5165-B14C-4CBD-AACE-8CC3491C81D3}.Release|Any CPU.ActiveCfg = Release|Any CPU
		{EFAE5165-B14C-4CBD-AACE-8CC3491C81D3}.Release|Any CPU.Build.0 = Release|Any CPU
		{BED3C8AE-77BC-4B4B-A357-D871CDF29CE1}.Debug|Any CPU.ActiveCfg = Debug|Any CPU
		{BED3C8AE-77BC-4B4B-A357-D871CDF29CE1}.Debug|Any CPU.Build.0 = Debug|Any CPU
		{BED3C8AE-77BC-4B4B-A357-D871CDF29CE1}.Release|Any CPU.ActiveCfg = Release|Any CPU
		{BED3C8AE-77BC-4B4B-A357-D871CDF29CE1}.Release|Any CPU.Build.0 = Release|Any CPU
	EndGlobalSection
	GlobalSection(SolutionProperties) = preSolution
		HideSolutionNode = FALSE
	EndGlobalSection
	GlobalSection(ExtensibilityGlobals) = postSolution
		SolutionGuid = {F42B89B8-EFC0-4D50-A167-E725DAB75EC7}
	EndGlobalSection
EndGlobal
