
Microsoft Visual Studio Solution File, Format Version 12.00
# Visual Studio Version 17
VisualStudioVersion = 17.11.35222.181
MinimumVisualStudioVersion = 10.0.40219.1
Project("{FAE04EC0-301F-11D3-BF4B-00C04F79EFBC}") = "konyvCon2", "konyvCon2\konyvCon2.csproj", "{3B8506A1-240A-43AF-A452-B6129651DDF1}"
EndProject
Project("{FAE04EC0-301F-11D3-BF4B-00C04F79EFBC}") = "konyvClassLibrary", "konyvClassLibrary\konyvClassLibrary.csproj", "{73986884-539F-4766-B0FD-79475DC31586}"
EndProject
Global
	GlobalSection(SolutionConfigurationPlatforms) = preSolution
		Debug|Any CPU = Debug|Any CPU
		Release|Any CPU = Release|Any CPU
	EndGlobalSection
	GlobalSection(ProjectConfigurationPlatforms) = postSolution
		{3B8506A1-240A-43AF-A452-B6129651DDF1}.Debug|Any CPU.ActiveCfg = Debug|Any CPU
		{3B8506A1-240A-43AF-A452-B6129651DDF1}.Debug|Any CPU.Build.0 = Debug|Any CPU
		{3B8506A1-240A-43AF-A452-B6129651DDF1}.Release|Any CPU.ActiveCfg = Release|Any CPU
		{3B8506A1-240A-43AF-A452-B6129651DDF1}.Release|Any CPU.Build.0 = Release|Any CPU
		{73986884-539F-4766-B0FD-79475DC31586}.Debug|Any CPU.ActiveCfg = Debug|Any CPU
		{73986884-539F-4766-B0FD-79475DC31586}.Debug|Any CPU.Build.0 = Debug|Any CPU
		{73986884-539F-4766-B0FD-79475DC31586}.Release|Any CPU.ActiveCfg = Release|Any CPU
		{73986884-539F-4766-B0FD-79475DC31586}.Release|Any CPU.Build.0 = Release|Any CPU
	EndGlobalSection
	GlobalSection(SolutionProperties) = preSolution
		HideSolutionNode = FALSE
	EndGlobalSection
	GlobalSection(ExtensibilityGlobals) = postSolution
		SolutionGuid = {2F5C7D80-A749-4BFA-B295-128347FD62B1}
	EndGlobalSection
EndGlobal
